<?xml version="1.0" encoding="utf-8"?>
<Project ToolsVersion="4.0" xmlns="http://schemas.microsoft.com/developer/msbuild/2003">
  <ItemGroup>
    <Filter Include="Исходные файлы">
      <UniqueIdentifier>{4FC737F1-C7A5-4376-A066-2A32D752A2FF}</UniqueIdentifier>
      <Extensions>cpp;c;cc;cxx;c++;cppm;ixx;def;odl;idl;hpj;bat;asm;asmx</Extensions>
    </Filter>
    <Filter Include="Файлы заголовков">
      <UniqueIdentifier>{93995380-89BD-4b04-88EB-625FBE52EBFB}</UniqueIdentifier>
      <Extensions>h;hh;hpp;hxx;h++;hm;inl;inc;ipp;xsd</Extensions>
    </Filter>
    <Filter Include="Файлы ресурсов">
      <UniqueIdentifier>{67DA6AB6-F800-4c08-8B7A-83BB121AAD01}</UniqueIdentifier>
      <Extensions>rc;ico;cur;bmp;dlg;rc2;rct;bin;rgs;gif;jpg;jpeg;jpe;resx;tiff;tif;png;wav;mfcribbon-ms</Extensions>
    </Filter>
    <Filter Include="shader">
      <UniqueIdentifier>{2475798e-912e-4a92-bca0-b01035c48705}</UniqueIdentifier>
    </Filter>
    <Filter Include="imgui">
      <UniqueIdentifier>{6aab333c-9ed4-4601-afa3-9b9788ecae3f}</UniqueIdentifier>
    </Filter>
    <Filter Include="cubemaps">
      <UniqueIdentifier>{afc9b714-8832-4731-b18b-680227aa26ae}</UniqueIdentifier>
    </Filter>
    <Filter Include="imgui\backends">
      <UniqueIdentifier>{44e9b4b2-2b1b-44f7-a08e-2df6a693e184}</UniqueIdentifier>
    </Filter>
    <Filter Include="textures">
      <UniqueIdentifier>{fcdc6016-0d18-4369-9483-db0f5bc1dc76}</UniqueIdentifier>
    </Filter>
    <Filter Include="models">
      <UniqueIdentifier>{d8f49fdf-f012-43b5-aaeb-b438e09620e0}</UniqueIdentifier>
    </Filter>
    <Filter Include="models\penguin">
      <UniqueIdentifier>{803f4592-0a1e-4482-88aa-f34a36038cbd}</UniqueIdentifier>
    </Filter>
    <Filter Include="NewFilter1">
      <UniqueIdentifier>{a63ab950-6e9d-4180-a891-bc31855d7866}</UniqueIdentifier>
    </Filter>
    <Filter Include="src">
      <UniqueIdentifier>{5d3ecd0d-f2db-41ab-82c0-2ba974c952b3}</UniqueIdentifier>
    </Filter>
    <Filter Include="models\tamioka">
      <UniqueIdentifier>{c7db83a9-387c-4346-a983-da845493585c}</UniqueIdentifier>
    </Filter>
  </ItemGroup>
  <ItemGroup>
    <ClInclude Include="framework.h">
      <Filter>Файлы заголовков</Filter>
    </ClInclude>
    <ClInclude Include="targetver.h">
      <Filter>Файлы заголовков</Filter>
    </ClInclude>
    <ClInclude Include="Resource.h">
      <Filter>Файлы заголовков</Filter>
    </ClInclude>
    <ClInclude Include="Lab6.h">
      <Filter>Файлы заголовков</Filter>
    </ClInclude>
    <ClInclude Include="RenderClass.h">
      <Filter>Файлы заголовков</Filter>
    </ClInclude>
    <ClInclude Include="DDSTextureLoader11.h">
      <Filter>Файлы заголовков</Filter>
    </ClInclude>
    <ClInclude Include="imgui\backends\imgui_impl_dx11.h">
      <Filter>imgui\backends</Filter>
    </ClInclude>
    <ClInclude Include="imgui\backends\imgui_impl_win32.h">
      <Filter>imgui\backends</Filter>
    </ClInclude>
    <ClInclude Include="imgui\imconfig.h">
      <Filter>imgui</Filter>
    </ClInclude>
    <ClInclude Include="imgui\imgui.h">
      <Filter>imgui</Filter>
    </ClInclude>
    <ClInclude Include="imgui\imgui_internal.h">
      <Filter>imgui</Filter>
    </ClInclude>
    <ClInclude Include="imgui\imstb_rectpack.h">
      <Filter>imgui</Filter>
    </ClInclude>
    <ClInclude Include="imgui\imstb_textedit.h">
      <Filter>imgui</Filter>
    </ClInclude>
    <ClInclude Include="imgui\imstb_truetype.h">
      <Filter>imgui</Filter>
    </ClInclude>
    <ClInclude Include="src\json.hpp">
      <Filter>src</Filter>
    </ClInclude>
    <ClInclude Include="src\stb_image_write.h">
      <Filter>src</Filter>
    </ClInclude>
    <ClInclude Include="src\tiny_gltf.h">
      <Filter>src</Filter>
    </ClInclude>
    <ClInclude Include="GltfLoader.h">
      <Filter>Файлы заголовков</Filter>
    </ClInclude>
    <ClInclude Include="stb\stb_image.h">
      <Filter>Файлы заголовков</Filter>
    </ClInclude>
  </ItemGroup>
  <ItemGroup>
    <ClCompile Include="Lab6.cpp">
      <Filter>Исходные файлы</Filter>
    </ClCompile>
    <ClCompile Include="RenderClass.cpp">
      <Filter>Исходные файлы</Filter>
    </ClCompile>
    <ClCompile Include="DDSTextureLoader11.cpp">
      <Filter>Исходные файлы</Filter>
    </ClCompile>
    <ClCompile Include="imgui\backends\imgui_impl_dx11.cpp">
      <Filter>imgui\backends</Filter>
    </ClCompile>
    <ClCompile Include="imgui\backends\imgui_impl_win32.cpp">
      <Filter>imgui\backends</Filter>
    </ClCompile>
    <ClCompile Include="imgui\imgui.cpp">
      <Filter>imgui</Filter>
    </ClCompile>
    <ClCompile Include="imgui\imgui_draw.cpp">
      <Filter>imgui</Filter>
    </ClCompile>
    <ClCompile Include="imgui\imgui_tables.cpp">
      <Filter>imgui</Filter>
    </ClCompile>
    <ClCompile Include="imgui\imgui_widgets.cpp">
      <Filter>imgui</Filter>
    </ClCompile>
    <ClCompile Include="GltfLoader.cpp">
      <Filter>Исходные файлы</Filter>
    </ClCompile>
  </ItemGroup>
  <ItemGroup>
    <ResourceCompile Include="Lab6.rc">
      <Filter>Файлы ресурсов</Filter>
    </ResourceCompile>
  </ItemGroup>
  <ItemGroup>
    <Image Include="small.ico">
      <Filter>Файлы ресурсов</Filter>
    </Image>
    <Image Include="Lab6.ico">
      <Filter>Файлы ресурсов</Filter>
    </Image>
    <CopyFileToFolders Include="cubemaps\shanghai_box.dds">
      <Filter>cubemaps</Filter>
    </CopyFileToFolders>
    <Image Include="models\penguin\Penguin_Albedo.png">
      <Filter>models\penguin</Filter>
    </Image>
    <Image Include="models\penguin\Penguin_Normal.png">
      <Filter>models\penguin</Filter>
    </Image>
    <Image Include="models\penguin\Penguin_Roughness.png">
      <Filter>models\penguin</Filter>
    </Image>
    <Image Include="models\tamioka\3fdc112edced4578852b61cbfa8a6b83_RGB_T_Chr_033_01_Face_D.png">
      <Filter>models\tamioka</Filter>
    </Image>
    <Image Include="models\tamioka\8e4038c3b67f41a786894ef2a0f402a8_RGB_T_Wpn_01_swk_006_D.png">
      <Filter>models\tamioka</Filter>
    </Image>
    <Image Include="models\tamioka\a9a3b12bbf544d2aa106f2e38d11ee6c_RGB_T_Chr_033_01_Body_D.png">
      <Filter>models\tamioka</Filter>
    </Image>
    <Image Include="models\tamioka\e23420d6eff54c3db3d96e3fc1ddd73b_RGB_T_Chr_033_01_Hair_D.png">
      <Filter>models\tamioka</Filter>
    </Image>
  </ItemGroup>
  <ItemGroup>
    <CopyFileToFolders Include="ColorPixel.ps">
      <Filter>shader</Filter>
    </CopyFileToFolders>
    <CopyFileToFolders Include="ColorVertex.vs">
      <Filter>shader</Filter>
    </CopyFileToFolders>
    <CopyFileToFolders Include="LuminancePixel.ps">
      <Filter>shader</Filter>
    </CopyFileToFolders>
    <CopyFileToFolders Include="LightPixel.ps">
      <Filter>shader</Filter>
    </CopyFileToFolders>
    <CopyFileToFolders Include="FullScreenVS.vs">
      <Filter>shader</Filter>
    </CopyFileToFolders>
    <CopyFileToFolders Include="cube_normal.dds">
      <Filter>Файлы ресурсов</Filter>
    </CopyFileToFolders>
    <CopyFileToFolders Include="cat.dds">
      <Filter>Файлы ресурсов</Filter>
    </CopyFileToFolders>
    <CopyFileToFolders Include="ToneMapPixel.ps">
      <Filter>shader</Filter>
    </CopyFileToFolders>
    <CopyFileToFolders Include="LuminanceDownsample.ps">
      <Filter>shader</Filter>
    </CopyFileToFolders>
    <CopyFileToFolders Include="textures\bark_brown_02_diff_4k.dds">
      <Filter>textures</Filter>
    </CopyFileToFolders>
    <CopyFileToFolders Include="textures\blue_metal_plate_diff_4k.dds">
      <Filter>textures</Filter>
    </CopyFileToFolders>
    <CopyFileToFolders Include="textures\fabric_leather_02_diff_4k.dds">
      <Filter>textures</Filter>
    </CopyFileToFolders>
    <CopyFileToFolders Include="textures\gladkaya_kozha.dds">
      <Filter>textures</Filter>
    </CopyFileToFolders>
    <CopyFileToFolders Include="textures\kameshki.dds">
      <Filter>textures</Filter>
    </CopyFileToFolders>
    <CopyFileToFolders Include="textures\KORA_DEREVA.dds">
      <Filter>textures</Filter>
    </CopyFileToFolders>
    <CopyFileToFolders Include="textures\old_stone_wall_diff_4k.dds">
      <Filter>textures</Filter>
    </CopyFileToFolders>
    <CopyFileToFolders Include="textures\sinushnaya_zhelezka.dds">
      <Filter>textures</Filter>
    </CopyFileToFolders>
    <CopyFileToFolders Include="textures\strannaya_kozha.dds">
      <Filter>textures</Filter>
    </CopyFileToFolders>
    <CopyFileToFolders Include="SkyPixel.ps">
      <Filter>shader</Filter>
    </CopyFileToFolders>
    <CopyFileToFolders Include="SkyVertex.vs">
      <Filter>shader</Filter>
    </CopyFileToFolders>
    <CopyFileToFolders Include="imgui.ini">
      <Filter>Файлы ресурсов</Filter>
    </CopyFileToFolders>
    <CopyFileToFolders Include="cubemaps\laufenurg_church_4k.hdr">
      <Filter>cubemaps</Filter>
    </CopyFileToFolders>
    <CopyFileToFolders Include="cubemaps\qwantani_dusk_2_puresky_4k.hdr">
      <Filter>cubemaps</Filter>
    </CopyFileToFolders>
    <CopyFileToFolders Include="cubemaps\shanghai_bund_4k.hdr">
      <Filter>cubemaps</Filter>
    </CopyFileToFolders>
    <CopyFileToFolders Include="cubemaps\sunset_jhbcentral_4k.hdr">
      <Filter>cubemaps</Filter>
    </CopyFileToFolders>
    <CopyFileToFolders Include="HdrToCubemap.ps">
      <Filter>shader</Filter>
    </CopyFileToFolders>
    <CopyFileToFolders Include="IrradianceConvolution.ps">
      <Filter>shader</Filter>
    </CopyFileToFolders>
    <CopyFileToFolders Include="cubemaps\ferndale_studio_04_4k.hdr">
      <Filter>cubemaps</Filter>
    </CopyFileToFolders>
    <CopyFileToFolders Include="BRDFIntegration.ps">
      <Filter>shader</Filter>
    </CopyFileToFolders>
    <CopyFileToFolders Include="SpecularPrefilter.ps">
      <Filter>shader</Filter>
    </CopyFileToFolders>
  </ItemGroup>
  <ItemGroup>
    <None Include="imgui\imgui.vcxproj">
      <Filter>imgui</Filter>
    </None>
    <None Include="imgui\imgui.vcxproj.filters">
      <Filter>imgui</Filter>
    </None>
    <None Include="imgui\imgui.vcxproj.user">
      <Filter>imgui</Filter>
    </None>
    <None Include="models\penguin\penguin.bin">
      <Filter>models\penguin</Filter>
    </None>
    <None Include="models\penguin\penguin.gltf">
      <Filter>models\penguin</Filter>
    </None>
    <None Include="models\tamioka\Ch_03_01.bin">
      <Filter>models\tamioka</Filter>
    </None>
    <None Include="models\tamioka\Ch_03_01.gltf">
      <Filter>models\tamioka</Filter>
    </None>
  </ItemGroup>
</Project>